{"SurveyEntry":{"SurveyID":"SV_eUNrFKdRmPi1Riu","SurveyName":"Qualtrics Peer Report Survey Template","SurveyDescription":null,"SurveyOwnerID":"UR_2lDW7aZZbUXbUe9","SurveyBrandID":"utrechtuniversity","DivisionID":"DV_09aNkX38cOu1yUB","SurveyLanguage":"EN","SurveyActiveResponseSet":"RS_a9nUYebtiJWmU3s","SurveyStatus":"Active","SurveyStartDate":"0000-00-00 00:00:00","SurveyExpirationDate":"0000-00-00 00:00:00","SurveyCreationDate":"2021-02-16 08:51:56","CreatorID":"UR_2lDW7aZZbUXbUe9","LastModified":"2021-05-18 05:24:22","LastAccessed":"0000-00-00 00:00:00","LastActivated":"2021-03-24 07:32:34","Deleted":null},"SurveyElements":[{"SurveyID":"SV_eUNrFKdRmPi1Riu","Element":"BL","PrimaryAttribute":"Survey Blocks","SecondaryAttribute":null,"TertiaryAttribute":null,"Payload":{"0":{"Type":"Default","Description":"Peer nomination","ID":"BL_brb6sJaLM0i5Kfj","BlockElements":[{"Type":"Question","QuestionID":"QID23"}],"Options":{"BlockLocking":"false","RandomizeQuestions":"false","BlockVisibility":"Expanded"}},"1":{"Type":"Trash","Description":"Trash \/ Unused Questions","ID":"BL_26oxfJNpKmfoC3z","BlockElements":[]},"2":{"Type":"Standard","SubType":"","Description":"Peer Rating 2 - based on Peer Nomination 2","ID":"BL_87UBD8OlPGJcrNH","Options":{"BlockLocking":"false","RandomizeQuestions":"false","Looping":"None","LoopingOptions":null,"BlockVisibility":"Expanded"},"BlockElements":[{"Type":"Question","QuestionID":"QID24"}]},"4":{"Type":"Standard","SubType":"","Description":"Demographics","ID":"BL_0qF88K7H1tfegkJ","Options":{"BlockLocking":"false","RandomizeQuestions":"false","BlockVisibility":"Expanded"},"BlockElements":[{"Type":"Question","QuestionID":"QID16"},{"Type":"Question","QuestionID":"QID42"},{"Type":"Question","QuestionID":"QID41"},{"Type":"Question","QuestionID":"QID48"}]},"5":{"Type":"Standard","SubType":"","Description":"Peer Nomination 2","ID":"BL_23LYYSJcMCVronb","BlockElements":[{"Type":"Question","QuestionID":"QID6"}],"Options":{"BlockLocking":false,"RandomizeQuestions":"false","BlockVisibility":"Expanded"}},"6":{"Type":"Standard","SubType":"","Description":"Peer rating","ID":"BL_6WmVK1kqJgsVpdP","Options":{"BlockLocking":false,"RandomizeQuestions":"false","Looping":"None","LoopingOptions":null,"BlockVisibility":"Expanded"},"BlockElements":[{"Type":"Question","QuestionID":"QID7"}]},"8":{"Type":"Standard","SubType":"","Description":"Peer nomination 3 - for male participants","ID":"BL_ba3V7bokqUuFkDr","BlockElements":[{"Type":"Question","QuestionID":"QID44"}],"Options":{"BlockLocking":"false","RandomizeQuestions":"false","BlockVisibility":"Expanded"}},"9":{"Type":"Standard","SubType":"","Description":"Peer nomination 4 - for female participants","ID":"BL_9AlPVVt4XLXIhmJ","BlockElements":[{"Type":"Question","QuestionID":"QID45"}],"Options":{"BlockLocking":false,"RandomizeQuestions":"false","BlockVisibility":"Expanded"}},"10":{"Type":"Standard","SubType":"","Description":"Peer nomination 5 - for participants of other sexes","ID":"BL_06saCgyzYSwOgTP","BlockElements":[{"Type":"Question","QuestionID":"QID46"}],"Options":{"BlockLocking":false,"RandomizeQuestions":"false","BlockVisibility":"Expanded"}}}},{"SurveyID":"SV_eUNrFKdRmPi1Riu","Element":"FL","PrimaryAttribute":"Survey Flow","SecondaryAttribute":null,"TertiaryAttribute":null,"Payload":{"Type":"Root","FlowID":"FL_1","Flow":[{"Type":"Authenticator","FlowID":"FL_25","PanelData":{"LibraryID":"UR_2lDW7aZZbUXbUe9","PanelID":"ML_29taLEP3bznnSHb","Type":"Expression","LogicType":"Panel"},"FieldData":{"0":{"0":{"PanelField":"RecipientFirstName","fieldLabel":"","Type":"Expression","LogicType":"EmbeddedField","Description":"<span class=\"ConjDesc\">If<\/span>  <span class=\"LeftOpDesc\">undefined<\/span> <span class=\"OpDesc\">#<\/span> "},"1":{"PanelField":"RecipientLastName","fieldLabel":"","Type":"Expression","LogicType":"EmbeddedField","Description":"<span class=\"ConjDesc\">And<\/span>  <span class=\"LeftOpDesc\">undefined<\/span> <span class=\"OpDesc\">#<\/span> ","Conjuction":"And"},"2":{"PanelField":"RecipientExternalDataReference","fieldLabel":"Password","Password":1,"Type":"Expression","LogicType":"EmbeddedField","Description":"<span class=\"ConjDesc\">And<\/span>  <span class=\"LeftOpDesc\">undefined<\/span> <span class=\"OpDesc\">#<\/span> ","Conjuction":"And"},"Type":"If"},"Type":"BooleanExpression"},"FilterDataFields":true,"SSOOptions":{"respondentMap":[],"Type":"Token","token":{"EncryptionMethod":"3DES","MacMethod":"MD5","Leeway":300},"ldap":{"Hostname":"ldap:\/\/","Port":"389","EmailField":"mail","Filter":"(sAMAccountName=%1)","FirstNameField":"givenname","LastNameField":"sn","ExternalDataReferenceField":""},"UsePanel":"Yes","CaptureRespondentInfo":"No","UseSSO":"","cas":[]},"Options":{"maxAttempts":3,"questionText":{"SystemMessage":{"Section":"ErrorCodes","Message":"EAUTH04"}},"authenticationError":{"SystemMessage":{"Section":"ErrorCodes","Message":"EAUTH02"}},"failedAuthenticationError":{"SystemMessage":{"Section":"ErrorCodes","Message":"EAUTH05"}},"allowRetake":true,"loadExistingSession":false,"reauthenticateSession":false},"Flow":[{"Type":"Standard","ID":"BL_0qF88K7H1tfegkJ","FlowID":"FL_6","Autofill":[]},{"Type":"Block","ID":"BL_brb6sJaLM0i5Kfj","FlowID":"FL_2","Autofill":[]},{"Type":"Standard","ID":"BL_6WmVK1kqJgsVpdP","FlowID":"FL_12","Autofill":[]},{"Type":"Standard","ID":"BL_23LYYSJcMCVronb","FlowID":"FL_10","Autofill":[]},{"Type":"Standard","ID":"BL_87UBD8OlPGJcrNH","FlowID":"FL_4","Autofill":[]},{"Type":"Branch","FlowID":"FL_22","Description":"New Branch","BranchLogic":{"0":{"0":{"LogicType":"Question","QuestionID":"QID41","QuestionIsInLoop":"no","ChoiceLocator":"q:\/\/QID41\/SelectableChoice\/2","Operator":"Selected","QuestionIDFromLocator":"QID41","LeftOperand":"q:\/\/QID41\/SelectableChoice\/2","Type":"Expression","Description":"<span class=\"ConjDesc\">If<\/span> <span class=\"QuestionDesc\">Determine respondent's gender from authentication (hidden)<\/span> <span class=\"LeftOpDesc\">Male<\/span> <span class=\"OpDesc\">Is Selected<\/span> "},"Type":"If"},"Type":"BooleanExpression"},"Flow":[{"Type":"Standard","ID":"BL_ba3V7bokqUuFkDr","FlowID":"FL_19","Autofill":[]}]},{"Type":"Branch","FlowID":"FL_23","Description":"New Branch","BranchLogic":{"0":{"0":{"LogicType":"Question","QuestionID":"QID41","QuestionIsInLoop":"no","ChoiceLocator":"q:\/\/QID41\/SelectableChoice\/1","Operator":"Selected","QuestionIDFromLocator":"QID41","LeftOperand":"q:\/\/QID41\/SelectableChoice\/1","Type":"Expression","Description":"<span class=\"ConjDesc\">If<\/span> <span class=\"QuestionDesc\">What's your sex?<\/span> <span class=\"LeftOpDesc\">Female<\/span> <span class=\"OpDesc\">Is Selected<\/span> "},"Type":"If"},"Type":"BooleanExpression"},"Flow":[{"Type":"Standard","ID":"BL_9AlPVVt4XLXIhmJ","FlowID":"FL_20","Autofill":[]}]},{"Type":"Branch","FlowID":"FL_24","Description":"New Branch","BranchLogic":{"0":{"0":{"LogicType":"Question","QuestionID":"QID41","QuestionIsInLoop":"no","ChoiceLocator":"q:\/\/QID41\/SelectableChoice\/4","Operator":"Selected","QuestionIDFromLocator":"QID41","LeftOperand":"q:\/\/QID41\/SelectableChoice\/4","Type":"Expression","Description":"<span class=\"ConjDesc\">If<\/span> <span class=\"QuestionDesc\">What's your sex?<\/span> <span class=\"LeftOpDesc\">Other<\/span> <span class=\"OpDesc\">Is Selected<\/span> "},"Type":"If"},"Type":"BooleanExpression"},"Flow":[{"Type":"Standard","ID":"BL_06saCgyzYSwOgTP","FlowID":"FL_21","Autofill":[]}]}]}],"Properties":{"Count":28,"RemovedFieldsets":[]}}},{"SurveyID":"SV_eUNrFKdRmPi1Riu","Element":"SO","PrimaryAttribute":"Survey Options","SecondaryAttribute":null,"TertiaryAttribute":null,"Payload":{"BackButton":"false","SaveAndContinue":"true","SurveyProtection":"PublicSurvey","BallotBoxStuffingPrevention":"false","NoIndex":"Yes","SecureResponseFiles":"true","SurveyExpiration":"None","SurveyTermination":"DefaultMessage","Header":"","Footer":"","ProgressBarDisplay":"None","PartialData":"+1 week","ValidationMessage":null,"PreviousButton":" \u2190 ","NextButton":" \u2192 ","SurveyTitle":"Online Survey Software | Qualtrics Survey Solutions","SkinLibrary":"utrechtuniversity","SkinType":"templated","Skin":{"brandingId":"381247668","templateId":"*base","overrides":null},"NewScoring":1,"ProtectSelectionIds":true,"SurveyName":"Qualtrics Peer Report Survey Template","EOSMessage":null,"ShowExportTags":"false","CollectGeoLocation":"false","SurveyMetaDescription":"The most powerful, simple and trusted way to gather experience data. Start your journey to experience management and try a free account today.","PasswordProtection":"No","AnonymizeResponse":"No","RefererCheck":"No","BallotBoxStuffingPreventionBehavior":null,"BallotBoxStuffingPreventionMessage":null,"BallotBoxStuffingPreventionMessageLibrary":null,"BallotBoxStuffingPreventionURL":null,"RecaptchaV3":"false","ConfirmStart":false,"AutoConfirmStart":false,"UseCustomSurveyLinkCompletedMessage":null,"SurveyLinkCompletedMessage":null,"SurveyLinkCompletedMessageLibrary":null,"ResponseSummary":"No","EOSMessageLibrary":null,"EOSRedirectURL":null,"EmailThankYou":"false","ThankYouEmailMessageLibrary":null,"ThankYouEmailMessage":null,"ValidateMessage":"true","ValidationMessageLibrary":null,"InactiveSurvey":"DefaultMessage","PartialDeletion":null,"PartialDataCloseAfter":"LastActivity","InactiveMessageLibrary":null,"InactiveMessage":null,"AvailableLanguages":{"EN":[]},"Password":""}},{"SurveyID":"SV_eUNrFKdRmPi1Riu","Element":"SCO","PrimaryAttribute":"Scoring","SecondaryAttribute":null,"TertiaryAttribute":null,"Payload":{"ScoringCategories":[],"ScoringCategoryGroups":[],"ScoringSummaryCategory":null,"ScoringSummaryAfterQuestions":0,"ScoringSummaryAfterSurvey":0,"DefaultScoringCategory":null,"AutoScoringCategory":null}},{"SurveyID":"SV_eUNrFKdRmPi1Riu","Element":"PROJ","PrimaryAttribute":"CORE","SecondaryAttribute":null,"TertiaryAttribute":"1.1.0","Payload":{"ProjectCategory":"CORE","SchemaVersion":"1.1.0"}},{"SurveyID":"SV_eUNrFKdRmPi1Riu","Element":"STAT","PrimaryAttribute":"Survey Statistics","SecondaryAttribute":null,"TertiaryAttribute":null,"Payload":{"MobileCompatible":true,"ID":"Survey Statistics"}},{"SurveyID":"SV_eUNrFKdRmPi1Riu","Element":"QC","PrimaryAttribute":"Survey Question Count","SecondaryAttribute":"50","TertiaryAttribute":null,"Payload":null},{"SurveyID":"SV_eUNrFKdRmPi1Riu","Element":"RS","PrimaryAttribute":"RS_a9nUYebtiJWmU3s","SecondaryAttribute":"Default Response Set","TertiaryAttribute":null,"Payload":null},{"SurveyID":"SV_eUNrFKdRmPi1Riu","Element":"SQ","PrimaryAttribute":"QID41","SecondaryAttribute":"Determine respondent's gender from authentication (hidden)","TertiaryAttribute":null,"Payload":{"QuestionText":"Determine respondent's gender from authentication (hidden)","DataExportTag":"Q2","QuestionType":"MC","Selector":"SAVR","SubSelector":"TX","Configuration":{"QuestionDescriptionOption":"UseText"},"QuestionDescription":"Determine respondent's gender from authentication (hidden)","Choices":{"1":{"Display":"Female"},"2":{"Display":"Male"},"4":{"Display":"Other"}},"ChoiceOrder":["1","2","4"],"Validation":{"Settings":{"ForceResponse":"ON","ForceResponseType":"ON","Type":"None"}},"Language":[],"NextChoiceId":5,"NextAnswerId":1,"QuestionID":"QID41","DataVisibility":{"Private":false,"Hidden":false},"QuestionJS":"Qualtrics.SurveyEngine.addOnload(function()\n{\n\t\/*Place your JavaScript here to run when the page loads*\/\n\n});\n\nQualtrics.SurveyEngine.addOnReady(function()\n{\n\t\/*Place your JavaScript here to run when the page is fully displayed*\/\n\t\n\tvar choiceContainer = this.getChoiceContainer();\n    var choices = choiceContainer.getElementsByTagName('li');\n    var gender = '${e:\/\/Field\/Gender}';\n\n    var choiceName = '';\n    for (var i=0; i < choices.length; i++) {\n        choiceName = choices[i].getElementsByClassName('LabelWrapper')[0].getElementsByTagName('span')[0].innerHTML;\n        if (choiceName == gender) {\n            choices[i].getElementsByTagName('input')[0].checked = true;\n        }\n    }\n\n    var q = this.getQuestionContainer();\n\tq.style.display = \"none\";\n\n});\n\nQualtrics.SurveyEngine.addOnUnload(function()\n{\n\t\/*Place your JavaScript here to run when the page is unloaded*\/\n\n});"}},{"SurveyID":"SV_eUNrFKdRmPi1Riu","Element":"SQ","PrimaryAttribute":"QID16","SecondaryAttribute":"Determine respondent's name from reusable choices and authenticator (hidden)","TertiaryAttribute":null,"Payload":{"QuestionText":"Determine respondent's name from reusable choices and authenticator (hidden)","DefaultChoices":false,"DataExportTag":"Q1","QuestionID":"QID16","QuestionType":"MC","Selector":"SAVR","SubSelector":"TX","DataVisibility":{"Private":false,"Hidden":false},"Configuration":{"QuestionDescriptionOption":"UseText"},"QuestionDescription":"Determine respondent's name from reusable choices and authenticator (hidden)","Choices":[],"DynamicChoices":{"DynamicType":"ReferenceList","Type":"Dynamic","Enabled":true,"Locator":"refl:\/\/REFL_40ip7lHs41grB9r\/ActiveSelections","Logic":null,"Choices":[]},"DynamicChoicesData":[],"ChoiceOrder":[],"Validation":{"Settings":{"ForceResponse":"ON","ForceResponseType":"ON","Type":"None"}},"GradingData":[],"Language":[],"NextChoiceId":8,"NextAnswerId":1,"QuestionJS":"Qualtrics.SurveyEngine.addOnload(function()\n{\n\t\/*Place your JavaScript here to run when the page loads*\/\n\n});\n\nQualtrics.SurveyEngine.addOnReady(function()\n{\n\t\/*Place your JavaScript here to run when the page is fully displayed*\/\n\n\tvar choiceContainer = this.getChoiceContainer();\n    var choices = choiceContainer.getElementsByTagName('li');\n    var name = '${e:\/\/Field\/RecipientFirstName}' + ' ' + '${e:\/\/Field\/RecipientLastName}';\n\n    var choiceName = '';\n    for (var i=0; i < choices.length; i++) {\n        choiceName = choices[i].getElementsByClassName('LabelWrapper')[0].getElementsByTagName('span')[0].innerHTML;\n        if (choiceName == name) {\n            choices[i].getElementsByTagName('input')[0].checked = true;\n        }\n    }\n\t\n\tvar q = this.getQuestionContainer();\n\tq.style.display = \"none\";\n\n});\n\nQualtrics.SurveyEngine.addOnUnload(function()\n{\n\t\/*Place your JavaScript here to run when the page is unloaded*\/\n\t\n\n});"}},{"SurveyID":"SV_eUNrFKdRmPi1Riu","Element":"SQ","PrimaryAttribute":"QID42","SecondaryAttribute":"Gender of all group members (hidden)","TertiaryAttribute":null,"Payload":{"QuestionText":"Gender of all group members (hidden)","DefaultChoices":{"x1":{"2":{"Selected":true}},"x10":{"1":{"Selected":true}},"x11":{"3":{"Selected":true}},"x12":{"1":{"Selected":true}},"x13":{"1":{"Selected":true}},"x14":{"2":{"Selected":true}},"x15":{"2":{"Selected":true}},"x16":{"1":{"Selected":true}},"x17":{"1":{"Selected":true}},"x18":{"2":{"Selected":true}},"x19":{"2":{"Selected":true}},"x2":{"1":{"Selected":true}},"x20":{"2":{"Selected":true}},"x21":{"2":{"Selected":true}},"x22":{"2":{"Selected":true}},"x23":{"2":{"Selected":true}},"x24":{"3":{"Selected":true}},"x25":{"2":{"Selected":true}},"x26":{"1":{"Selected":true}},"x3":{"1":{"Selected":true}},"x4":{"2":{"Selected":true}},"x5":{"3":{"Selected":true}},"x6":{"1":{"Selected":true}},"x7":{"2":{"Selected":true}},"x8":{"1":{"Selected":true}},"x9":{"1":{"Selected":true}}},"DataExportTag":"Q0","QuestionID":"QID42","QuestionType":"Matrix","Selector":"Likert","SubSelector":"SingleAnswer","Configuration":{"QuestionDescriptionOption":"UseText","TextPosition":"inline","ChoiceColumnWidth":25,"RepeatHeaders":"none","WhiteSpace":"OFF","MobileFirst":true},"QuestionDescription":"Gender of all group members (hidden)","Choices":[],"DynamicChoices":{"DynamicType":"ReferenceList","Type":"Dynamic","Enabled":true,"Locator":"refl:\/\/REFL_40ip7lHs41grB9r\/ActiveSelections","Logic":null,"Choices":[]},"DynamicChoicesData":[],"ChoiceOrder":[],"Validation":{"Settings":{"ForceResponse":"OFF","ForceResponseType":"ON","Type":"None"}},"GradingData":[],"Language":[],"NextChoiceId":4,"NextAnswerId":5,"Answers":{"1":{"Display":"Female"},"2":{"Display":"Male"},"3":{"Display":"Other"}},"AnswerOrder":["1","2","3"],"ChoiceDataExportTags":false,"QuestionJS":"Qualtrics.SurveyEngine.addOnload(function()\n{\n\t\/*Place your JavaScript here to run when the page loads*\/\n\n});\n\nQualtrics.SurveyEngine.addOnReady(function()\n{\n\t\/*Place your JavaScript here to run when the page is fully displayed*\/\n\tvar q = this.getQuestionContainer();\n\tq.style.display = \"none\";\n});\n\nQualtrics.SurveyEngine.addOnUnload(function()\n{\n\t\/*Place your JavaScript here to run when the page is unloaded*\/\n\n});","DataVisibility":{"Private":false,"Hidden":false}}},{"SurveyID":"SV_eUNrFKdRmPi1Riu","Element":"SQ","PrimaryAttribute":"QID7","SecondaryAttribute":"How much do you like \u2026","TertiaryAttribute":null,"Payload":{"QuestionText":"<span style=\"font-weight:bold\">How much do\nyou like \u2026<\/span>","DefaultChoices":false,"DataExportTag":"Q5","QuestionType":"Matrix","Selector":"Likert","SubSelector":"SingleAnswer","Configuration":{"QuestionDescriptionOption":"UseText","TextPosition":"inline","ChoiceColumnWidth":25,"RepeatHeaders":"none","WhiteSpace":"OFF","MobileFirst":true,"Autoscale":{"XScale":{"Name":"hedonic","Type":"likert","Reverse":false}}},"QuestionDescription":"How much do you like \u2026","Choices":[],"ChoiceOrder":[],"Validation":{"Settings":{"ForceResponse":"ON","ForceResponseType":"ON","Type":"None"}},"GradingData":[],"Language":[],"NextChoiceId":1,"NextAnswerId":8,"Answers":{"1":{"Display":"Very dislikable"},"2":{"Display":"Dislikable"},"3":{"Display":"Just dislikable"},"4":{"Display":"Don't know"},"5":{"Display":"Just likable"},"6":{"Display":"Likable"},"7":{"Display":"Very likable"}},"AnswerOrder":[1,2,3,4,5,6,7],"ChoiceDataExportTags":false,"QuestionID":"QID7","DataVisibility":{"Private":false,"Hidden":false},"Randomization":{"Advanced":null,"TotalRandSubset":"","Type":"All"},"DynamicChoices":{"DynamicType":"ReferenceList","Type":"Dynamic","Enabled":true,"Locator":"refl:\/\/REFL_40ip7lHs41grB9r\/ActiveSelections","Logic":{"ExpressionSet":[{"LogicType":"SelectionReferenceSet","SetLocator":"q:\/\/QID16\/ChoiceGroup\/SelectedChoices","SetOperation":"difference"}],"StartWithEmptySet":false},"Choices":[]},"DynamicChoicesData":[]}},{"SurveyID":"SV_eUNrFKdRmPi1Riu","Element":"SQ","PrimaryAttribute":"QID24","SecondaryAttribute":"How much do you like \u2026","TertiaryAttribute":null,"Payload":{"QuestionText":"<span style=\"font-weight:bold\">How much do\nyou like \u2026<\/span>","DefaultChoices":false,"QuestionType":"Matrix","Selector":"Likert","SubSelector":"SingleAnswer","Configuration":{"QuestionDescriptionOption":"UseText","TextPosition":"inline","ChoiceColumnWidth":25,"RepeatHeaders":"none","WhiteSpace":"OFF","MobileFirst":true,"Autoscale":{"XScale":{"Name":"hedonic","Type":"likert","Reverse":false}}},"QuestionDescription":"How much do you like \u2026","Choices":[],"ChoiceOrder":[],"Validation":{"Settings":{"ForceResponse":"ON","ForceResponseType":"ON","Type":"None"}},"GradingData":[],"Language":[],"NextChoiceId":1,"NextAnswerId":8,"Answers":{"1":{"Display":"Very dislikable"},"2":{"Display":"Dislikable"},"3":{"Display":"Just dislikable"},"4":{"Display":"Don't know"},"5":{"Display":"Just likable"},"6":{"Display":"Likable"},"7":{"Display":"Very likable"}},"AnswerOrder":[1,2,3,4,5,6,7],"ChoiceDataExportTags":false,"DataVisibility":{"Private":false,"Hidden":false},"Randomization":{"Advanced":null,"TotalRandSubset":"","Type":"All"},"DynamicChoices":{"DynamicType":"ReferenceList","Type":"Dynamic","Enabled":true,"Locator":"refl:\/\/REFL_40ip7lHs41grB9r\/ActiveSelections","Logic":{"ExpressionSet":[{"LogicType":"SelectionReferenceSet","SetLocator":"q:\/\/QID16\/ChoiceGroup\/SelectedChoices","SetOperation":"difference"},{"LogicType":"SelectionReferenceSet","SetLocator":"q:\/\/QID6\/ChoiceGroup\/UnselectedChoicesForAnswer\/1","SetOperation":"difference"}],"StartWithEmptySet":false},"Choices":[]},"DynamicChoicesData":[],"QuestionText_Unsafe":"<span style=\"font-weight:bold\">How much do\nyou like \u2026<\/span>","DataExportTag":"Q7","QuestionID":"QID24"}},{"SurveyID":"SV_eUNrFKdRmPi1Riu","Element":"SQ","PrimaryAttribute":"QID48","SecondaryAttribute":"Peer Review Survey This is a peer review survey. [instructions] Click on the = arrow to begin.","TertiaryAttribute":null,"Payload":{"QuestionText":"<strong><span style=\"font-size:22px;\">Peer Review Survey<\/span><\/strong><br>\n<br>\nThis is a peer review survey.<br>\n<br>\n[instructions]<br>\n<br>\nClick on the =&gt; arrow to begin.","DefaultChoices":false,"DataExportTag":"Q3","QuestionType":"DB","Selector":"TB","Configuration":{"QuestionDescriptionOption":"UseText"},"QuestionDescription":"Peer Review Survey This is a peer review survey. [instructions] Click on the = arrow to begin.","ChoiceOrder":[],"Validation":{"Settings":{"Type":"None"}},"GradingData":[],"Language":[],"NextChoiceId":5,"NextAnswerId":1,"QuestionID":"QID48","DataVisibility":{"Private":false,"Hidden":false}}},{"SurveyID":"SV_eUNrFKdRmPi1Riu","Element":"REFL","PrimaryAttribute":"REFL_40ip7lHs41grB9r","SecondaryAttribute":"Selections","TertiaryAttribute":"1.4.0","Payload":{"ReferenceList":{"Type":"selection","Selections":{"1":{"Display":"Christine van Beuningen","Active":true,"RecodeValue":"3423"},"2":{"Display":"Gerlinde Boekhold","Active":true,"RecodeValue":"2"},"3":{"Display":"Duco Brinkman","Active":true,"RecodeValue":"34"},"4":{"Display":"Sylvie Essanovica","Active":true,"RecodeValue":"4"},"5":{"Display":"Bas Glabbeek","Active":true,"RecodeValue":"5"},"6":{"Display":"Dirk Hartez","Active":true,"RecodeValue":"435"},"7":{"Display":"Jacky Hogenbrug","Active":true,"RecodeValue":"7"},"8":{"Display":"Sjors Luijten","Active":true,"RecodeValue":"8"},"9":{"Display":"Danny Kasteels","Active":true,"RecodeValue":"55"},"10":{"Display":"Lisa Kuipers","Active":true,"RecodeValue":"10"},"11":{"Display":"Tanja Nieuwkoop","Active":true,"RecodeValue":"11"},"12":{"Display":"Peter Oosterbeek","Active":true,"RecodeValue":"1362"},"13":{"Display":"Tinka den Oudsten","Active":true,"RecodeValue":"13"},"14":{"Display":"Bibi Peterszoon","Active":true,"RecodeValue":"6"},"15":{"Display":"Alex van Petten","Active":true,"RecodeValue":"65"},"16":{"Display":"Wieger van Roermond","Active":true,"RecodeValue":"16"},"17":{"Display":"Famke Rozewater","Active":true,"RecodeValue":"17"},"18":{"Display":"Nancy Rozewater","Active":true,"RecodeValue":"18"},"19":{"Display":"Youran van Slagmaat","Active":true,"RecodeValue":"75"},"20":{"Display":"Tim Smith","Active":true,"RecodeValue":"20"},"21":{"Display":"Timo Stoker","Active":true,"RecodeValue":"21"},"22":{"Display":"Florence Uittenwaal","Active":true,"RecodeValue":"22"},"23":{"Display":"David Visserman","Active":true,"RecodeValue":"56"},"24":{"Display":"Lisa de Vos","Active":true,"RecodeValue":"24"},"25":{"Display":"Tony Voskuil","Active":true,"RecodeValue":"1"},"26":{"Display":"Luca van de Zanden","Active":true,"RecodeValue":"400"}},"SelectionOrder":[1,2,3,4,5,6,7,8,9,10,11,12,13,14,15,16,17,18,19,20,21,22,23,24,25,26],"RecodeValues":{"1":"3423","2":"2","3":"34","4":"4","5":"5","6":"435","7":"7","8":"8","9":"55","10":"10","11":"11","12":"1362","13":"13","14":"6","15":"65","16":"16","17":"17","18":"18","19":"75","20":"20","21":"21","22":"22","23":"56","24":"24","25":"1","26":"400"},"Flags":{"userDefinedRecodeValues":true}},"ID":"REFL_40ip7lHs41grB9r"}},{"SurveyID":"SV_eUNrFKdRmPi1Riu","Element":"SQ","PrimaryAttribute":"QID23","SecondaryAttribute":"WHICH CHILDREN IN YOUR CLASS \u2026 \u2026try to get what they want by asking others?","TertiaryAttribute":null,"Payload":{"QuestionText":"<p><span style=\"font-weight:bold\">WHICH CHILDREN IN YOUR CLASS \u2026<\/span><\/p>\n\n<p><span style=\"font-weight:bold\">\u2026try to get what they want by asking others?<\/span><\/p>","DefaultChoices":false,"QuestionType":"Matrix","Selector":"Likert","SubSelector":"MultipleAnswer","Configuration":{"QuestionDescriptionOption":"UseText","TextPosition":"inline","ChoiceColumnWidth":25,"RepeatHeaders":"none","WhiteSpace":"OFF","MobileFirst":true},"QuestionDescription":"WHICH CHILDREN IN YOUR CLASS \u2026 \u2026try to get what they want by asking others?","Choices":[],"ChoiceOrder":[],"Validation":{"Settings":{"ForceResponse":"OFF","ForceResponseType":"ON","Type":"None"}},"GradingData":[],"Language":[],"NextChoiceId":4,"NextAnswerId":4,"Answers":{"1":{"Display":"Applicable"}},"AnswerOrder":[1],"ChoiceDataExportTags":false,"DataVisibility":{"Private":false,"Hidden":false},"Randomization":{"Advanced":null,"TotalRandSubset":"","Type":"All"},"DynamicChoices":{"DynamicType":"ReferenceList","Type":"Dynamic","Enabled":true,"Locator":"refl:\/\/REFL_40ip7lHs41grB9r\/ActiveSelections","Logic":{"ExpressionSet":[{"LogicType":"SelectionReferenceSet","SetLocator":"q:\/\/QID16\/ChoiceGroup\/SelectedChoices","SetOperation":"difference","SourceElementID":"QID16","Type":"Expression"}],"StartWithEmptySet":false},"Choices":[]},"DynamicChoicesData":[],"DynamicAnswers":{"DynamicType":"ReferenceList","Type":"Dynamic","Enabled":false,"Locator":"refl:\/\/REFL_40ip7lHs41grB9r\/ActiveSelections","Logic":null,"Answers":[]},"QuestionText_Unsafe":"<p><span style=\"font-weight:bold\">WHICH CHILDREN IN YOUR CLASS \u2026<\/span><\/p>\n\n<p><span style=\"font-weight:bold\">\u2026try to get what they want by forcing\nothers?<\/span><\/p>","DataExportTag":"Q4","QuestionID":"QID23"}},{"SurveyID":"SV_eUNrFKdRmPi1Riu","Element":"SQ","PrimaryAttribute":"QID6","SecondaryAttribute":"WHICH CHILDREN IN YOUR CLASS \u2026 \u2026try to get what they want by forcing others?","TertiaryAttribute":null,"Payload":{"QuestionText":"<p><span style=\"font-weight:bold\">WHICH CHILDREN IN YOUR CLASS \u2026<\/span><\/p>\n\n<p><span style=\"font-weight:bold\">\u2026try to get what they want by forcing\nothers?<\/span><\/p>","DefaultChoices":false,"DataExportTag":"Q6","QuestionType":"Matrix","Selector":"Likert","SubSelector":"MultipleAnswer","Configuration":{"QuestionDescriptionOption":"UseText","TextPosition":"inline","ChoiceColumnWidth":25,"RepeatHeaders":"none","WhiteSpace":"OFF","MobileFirst":true},"QuestionDescription":"WHICH CHILDREN IN YOUR CLASS \u2026 \u2026try to get what they want by forcing others?","Choices":[],"ChoiceOrder":[],"Validation":{"Settings":{"ForceResponse":"OFF","ForceResponseType":"ON","Type":"None"}},"GradingData":[],"Language":[],"NextChoiceId":4,"NextAnswerId":3,"Answers":{"1":{"Display":"Applicable"}},"AnswerOrder":[1],"ChoiceDataExportTags":false,"QuestionID":"QID6","DataVisibility":{"Private":false,"Hidden":false},"Randomization":{"Advanced":null,"TotalRandSubset":"","Type":"All"},"DynamicChoices":{"DynamicType":"ReferenceList","Type":"Dynamic","Enabled":true,"Locator":"refl:\/\/REFL_40ip7lHs41grB9r\/ActiveSelections","Logic":{"ExpressionSet":[{"LogicType":"SelectionReferenceSet","SetLocator":"q:\/\/QID16\/ChoiceGroup\/SelectedChoices","SetOperation":"difference"}],"StartWithEmptySet":false},"Choices":[]},"DynamicChoicesData":[],"DynamicAnswers":{"DynamicType":"ReferenceList","Type":"Dynamic","Enabled":false,"Locator":"refl:\/\/REFL_40ip7lHs41grB9r\/ActiveSelections","Logic":null,"Answers":[]}}},{"SurveyID":"SV_eUNrFKdRmPi1Riu","Element":"SQ","PrimaryAttribute":"QID45","SecondaryAttribute":"WHICH OTHER FEMALES IN YOUR CLASS... ...are nice?","TertiaryAttribute":null,"Payload":{"QuestionText":"<p><span style=\"font-weight:bold\">WHICH OTHER FEMALES IN YOUR CLASS...<\/span><\/p><p><span style=\"font-weight:bold\">...are nice?<\/span><\/p>","DefaultChoices":false,"QuestionType":"Matrix","Selector":"Likert","SubSelector":"MultipleAnswer","DataVisibility":{"Private":false,"Hidden":false},"Configuration":{"QuestionDescriptionOption":"UseText","TextPosition":"inline","ChoiceColumnWidth":25,"RepeatHeaders":"none","WhiteSpace":"OFF","MobileFirst":true},"QuestionDescription":"WHICH OTHER FEMALES IN YOUR CLASS... ...are nice?","Choices":[],"DynamicChoices":{"DynamicType":"ReferenceList","Type":"Dynamic","Enabled":true,"Locator":"refl:\/\/REFL_40ip7lHs41grB9r\/ActiveSelections","Logic":{"ExpressionSet":[{"LogicType":"SelectionReferenceSet","SetLocator":"q:\/\/QID16\/ChoiceGroup\/SelectedChoices","SetOperation":"difference"},{"LogicType":"SelectionReferenceSet","SetLocator":"q:\/\/QID42\/ChoiceGroup\/UnselectedChoicesForAnswer\/1","SetOperation":"difference"}],"StartWithEmptySet":false},"Choices":[]},"DynamicChoicesData":[],"ChoiceOrder":[],"Randomization":{"Advanced":null,"TotalRandSubset":"","Type":"All"},"Validation":{"Settings":{"ForceResponse":"OFF","ForceResponseType":"ON","Type":"None"}},"GradingData":[],"Language":[],"NextChoiceId":4,"NextAnswerId":3,"Answers":{"1":{"Display":"Applicable"}},"AnswerOrder":[1],"DynamicAnswers":{"DynamicType":"ReferenceList","Type":"Dynamic","Enabled":false,"Locator":"refl:\/\/REFL_40ip7lHs41grB9r\/ActiveSelections","Logic":null,"Answers":[]},"ChoiceDataExportTags":false,"QuestionText_Unsafe":"<p><span style=\"font-weight:bold\">WHICH OTHER MALES IN YOUR CLASS...<\/span><\/p><p><span style=\"font-weight:bold\">...are nice?<\/span><\/p>","DataExportTag":"Q9","QuestionID":"QID45"}},{"SurveyID":"SV_eUNrFKdRmPi1Riu","Element":"SQ","PrimaryAttribute":"QID44","SecondaryAttribute":"WHICH OTHER MALES IN YOUR CLASS... ...are nice?","TertiaryAttribute":null,"Payload":{"QuestionText":"<p><span style=\"font-weight:bold\">WHICH OTHER MALES IN YOUR CLASS...<\/span><\/p><p><span style=\"font-weight:bold\">...are nice?<\/span><\/p>","DefaultChoices":false,"DataExportTag":"Q8","QuestionType":"Matrix","Selector":"Likert","SubSelector":"MultipleAnswer","DataVisibility":{"Private":false,"Hidden":false},"Configuration":{"QuestionDescriptionOption":"UseText","TextPosition":"inline","ChoiceColumnWidth":25,"RepeatHeaders":"none","WhiteSpace":"OFF","MobileFirst":true},"QuestionDescription":"WHICH OTHER MALES IN YOUR CLASS... ...are nice?","Choices":[],"DynamicChoices":{"DynamicType":"ReferenceList","Type":"Dynamic","Enabled":true,"Locator":"refl:\/\/REFL_40ip7lHs41grB9r\/ActiveSelections","Logic":{"ExpressionSet":[{"LogicType":"SelectionReferenceSet","SetLocator":"q:\/\/QID16\/ChoiceGroup\/SelectedChoices","SetOperation":"difference"},{"LogicType":"SelectionReferenceSet","SetLocator":"q:\/\/QID42\/ChoiceGroup\/UnselectedChoicesForAnswer\/2","SetOperation":"difference"}],"StartWithEmptySet":false},"Choices":[]},"DynamicChoicesData":[],"ChoiceOrder":[],"Randomization":{"Advanced":null,"TotalRandSubset":"","Type":"All"},"Validation":{"Settings":{"ForceResponse":"OFF","ForceResponseType":"ON","Type":"None"}},"GradingData":[],"Language":[],"NextChoiceId":4,"NextAnswerId":3,"Answers":{"1":{"Display":"Applicable"}},"AnswerOrder":[1],"DynamicAnswers":{"DynamicType":"ReferenceList","Type":"Dynamic","Enabled":false,"Locator":"refl:\/\/REFL_40ip7lHs41grB9r\/ActiveSelections","Logic":null,"Answers":[]},"ChoiceDataExportTags":false,"QuestionID":"QID44"}},{"SurveyID":"SV_eUNrFKdRmPi1Riu","Element":"SQ","PrimaryAttribute":"QID46","SecondaryAttribute":"WHICH OTHER NON-MALE AND NON-FEMALE PEOPLE IN YOUR CLASS... ...are nice?","TertiaryAttribute":null,"Payload":{"QuestionText":"<p><span style=\"font-weight:bold\">WHICH OTHER NON-MALE AND NON-FEMALE PEOPLE IN YOUR CLASS...<\/span><\/p><p><span style=\"font-weight:bold\">...are nice?<\/span><\/p>","DefaultChoices":false,"QuestionType":"Matrix","Selector":"Likert","SubSelector":"MultipleAnswer","DataVisibility":{"Private":false,"Hidden":false},"Configuration":{"QuestionDescriptionOption":"UseText","TextPosition":"inline","ChoiceColumnWidth":25,"RepeatHeaders":"none","WhiteSpace":"OFF","MobileFirst":true},"QuestionDescription":"WHICH OTHER NON-MALE AND NON-FEMALE PEOPLE IN YOUR CLASS... ...are nice?","Choices":[],"DynamicChoices":{"DynamicType":"ReferenceList","Type":"Dynamic","Enabled":true,"Locator":"refl:\/\/REFL_40ip7lHs41grB9r\/ActiveSelections","Logic":{"ExpressionSet":[{"LogicType":"SelectionReferenceSet","SetLocator":"q:\/\/QID16\/ChoiceGroup\/SelectedChoices","SetOperation":"difference"},{"LogicType":"SelectionReferenceSet","SetLocator":"q:\/\/QID42\/ChoiceGroup\/UnselectedChoicesForAnswer\/3","SetOperation":"difference"}],"StartWithEmptySet":false},"Choices":[]},"DynamicChoicesData":[],"ChoiceOrder":[],"Randomization":{"Advanced":null,"TotalRandSubset":"","Type":"All"},"Validation":{"Settings":{"ForceResponse":"OFF","ForceResponseType":"ON","Type":"None"}},"GradingData":[],"Language":[],"NextChoiceId":4,"NextAnswerId":3,"Answers":{"1":{"Display":"Applicable"}},"AnswerOrder":[1],"DynamicAnswers":{"DynamicType":"ReferenceList","Type":"Dynamic","Enabled":false,"Locator":"refl:\/\/REFL_40ip7lHs41grB9r\/ActiveSelections","Logic":null,"Answers":[]},"ChoiceDataExportTags":false,"QuestionText_Unsafe":"<p><span style=\"font-weight:bold\">WHICH OTHER MALES IN YOUR CLASS...<\/span><\/p><p><span style=\"font-weight:bold\">...are nice?<\/span><\/p>","DataExportTag":"Q10","QuestionID":"QID46"}}]}